{
  "name": "herbs-di",
  "version": "1.0.0",
  "lockfileVersion": 1,
  "requires": true,
  "dependencies": {
    "buchu": {
      "version": "1.0.10",
      "resolved": "https://registry.npmjs.org/buchu/-/buchu-1.0.10.tgz",
      "integrity": "sha512-F8nDHE50oxJCAG8pqpLhTPLz5iOMYUArN4pg7adFQI0rJBWCBvfNocj7LHw/w4ehSn8x/Kr/ZdWxDw21VoNDuA==",
      "requires": {
        "gotu": "^1.0.9",
        "suma": "^1.0.7",
        "uuid": "^8.3.1"
      }
    },
    "gotu": {
      "version": "1.0.9",
      "resolved": "https://registry.npmjs.org/gotu/-/gotu-1.0.9.tgz",
      "integrity": "sha512-b14ZgG3gW5glai1U5VwBUxZ+RnlfI/20q5ZOjW5y7laTuxvkdSTyfEe5yVDYgGYjjsDAVVy0Y5KK0nuf7BkMUQ==",
      "optional": true,
      "requires": {
        "suma": "^1.0.7"
      }
    },
    "suma": {
      "version": "1.0.7",
      "resolved": "https://registry.npmjs.org/suma/-/suma-1.0.7.tgz",
      "integrity": "sha512-1hvjVpMiiB1cy0OH47b+sEMlA/8lNvJWoDKOyoDORkEKka0YYnI9mpXM9R5ZUX+ae5nmTaqqku0mNwM/X8kRzw=="
    },
    "uuid": {
      "version": "8.3.2",
      "resolved": "https://registry.npmjs.org/uuid/-/uuid-8.3.2.tgz",
      "integrity": "sha512-+NYs2QeMWy+GWFOEm9xnn6HCDp0l7QBD7ml8zLUmJ+93Q5NF0NocErnwkTkXVFNiX3/fpC6afS8Dhb/gz7R7eg=="
    }
  }
}
